// !$*UTF8*$!
{
	archiveVersion = 1;
	classes = {
	};
	objectVersion = 46;
	objects = {

/* Begin PBXBuildFile section */
		1890F1621D45DDF600B1A0F4 /* main.m in Sources */ = {isa = PBXBuildFile; fileRef = 1890F1611D45DDF600B1A0F4 /* main.m */; };
		1890F1651D45DDF600B1A0F4 /* AppDelegate.m in Sources */ = {isa = PBXBuildFile; fileRef = 1890F1641D45DDF600B1A0F4 /* AppDelegate.m */; };
		1890F1681D45DDF600B1A0F4 /* ViewController.m in Sources */ = {isa = PBXBuildFile; fileRef = 1890F1671D45DDF600B1A0F4 /* ViewController.m */; };
		1890F16B1D45DDF600B1A0F4 /* Main.storyboard in Resources */ = {isa = PBXBuildFile; fileRef = 1890F1691D45DDF600B1A0F4 /* Main.storyboard */; };
		1890F16D1D45DDF600B1A0F4 /* Assets.xcassets in Resources */ = {isa = PBXBuildFile; fileRef = 1890F16C1D45DDF600B1A0F4 /* Assets.xcassets */; };
		1890F1701D45DDF600B1A0F4 /* LaunchScreen.storyboard in Resources */ = {isa = PBXBuildFile; fileRef = 1890F16E1D45DDF600B1A0F4 /* LaunchScreen.storyboard */; };
		1890F17B1D45DDF600B1A0F4 /* PYdiaoyongdianhuaTests.m in Sources */ = {isa = PBXBuildFile; fileRef = 1890F17A1D45DDF600B1A0F4 /* PYdiaoyongdianhuaTests.m */; };
		1890F1861D45DDF600B1A0F4 /* PYdiaoyongdianhuaUITests.m in Sources */ = {isa = PBXBuildFile; fileRef = 1890F1851D45DDF600B1A0F4 /* PYdiaoyongdianhuaUITests.m */; };
/* End PBXBuildFile section */

/* Begin PBXContainerItemProxy section */
		1890F1771D45DDF600B1A0F4 /* PBXContainerItemProxy */ = {
			isa = PBXContainerItemProxy;
			containerPortal = 1890F1551D45DDF600B1A0F4 /* Project object */;
			proxyType = 1;
			remoteGlobalIDString = 1890F15C1D45DDF600B1A0F4;
			remoteInfo = PYdiaoyongdianhua;
		};
		1890F1821D45DDF600B1A0F4 /* PBXContainerItemProxy */ = {
			isa = PBXContainerItemProxy;
			containerPortal = 1890F1551D45DDF600B1A0F4 /* Project object */;
			proxyType = 1;
			remoteGlobalIDString = 1890F15C1D45DDF600B1A0F4;
			remoteInfo = PYdiaoyongdianhua;
		};
/* End PBXContainerItemProxy section */

/* Begin PBXFileReference section */
		1890F15D1D45DDF600B1A0F4 /* PYdiaoyongdianhua.app */ = {isa = PBXFileReference; explicitFileType = wrapper.application; includeInIndex = 0; path = PYdiaoyongdianhua.app; sourceTree = BUILT_PRODUCTS_DIR; };
		1890F1611D45DDF600B1A0F4 /* main.m */ = {isa = PBXFileReference; lastKnownFileType = sourcecode.c.objc; path = main.m; sourceTree = "<group>"; };
		1890F1631D45DDF600B1A0F4 /* AppDelegate.h */ = {isa = PBXFileReference; lastKnownFileType = sourcecode.c.h; path = AppDelegate.h; sourceTree = "<group>"; };
		1890F1641D45DDF600B1A0F4 /* AppDelegate.m */ = {isa = PBXFileReference; lastKnownFileType = sourcecode.c.objc; path = AppDelegate.m; sourceTree = "<group>"; };
		1890F1661D45DDF600B1A0F4 /* ViewController.h */ = {isa = PBXFileReference; lastKnownFileType = sourcecode.c.h; path = ViewController.h; sourceTree = "<group>"; };
		1890F1671D45DDF600B1A0F4 /* ViewController.m */ = {isa = PBXFileReference; lastKnownFileType = sourcecode.c.objc; path = ViewController.m; sourceTree = "<group>"; };
		1890F16A1D45DDF600B1A0F4 /* Base */ = {isa = PBXFileReference; lastKnownFileType = file.storyboard; name = Base; path = Base.lproj/Main.storyboard; sourceTree = "<group>"; };
		1890F16C1D45DDF600B1A0F4 /* Assets.xcassets */ = {isa = PBXFileReference; lastKnownFileType = folder.assetcatalog; path = Assets.xcassets; sourceTree = "<group>"; };
		1890F16F1D45DDF600B1A0F4 /* Base */ = {isa = PBXFileReference; lastKnownFileType = file.storyboard; name = Base; path = Base.lproj/LaunchScreen.storyboard; sourceTree = "<group>"; };
		1890F1711D45DDF600B1A0F4 /* Info.plist */ = {isa = PBXFileReference; lastKnownFileType = text.plist.xml; path = Info.plist; sourceTree = "<group>"; };
		1890F1761D45DDF600B1A0F4 /* PYdiaoyongdianhuaTests.xctest */ = {isa = PBXFileReference; explicitFileType = wrapper.cfbundle; includeInIndex = 0; path = PYdiaoyongdianhuaTests.xctest; sourceTree = BUILT_PRODUCTS_DIR; };
		1890F17A1D45DDF600B1A0F4 /* PYdiaoyongdianhuaTests.m */ = {isa = PBXFileReference; lastKnownFileType = sourcecode.c.objc; path = PYdiaoyongdianhuaTests.m; sourceTree = "<group>"; };
		1890F17C1D45DDF600B1A0F4 /* Info.plist */ = {isa = PBXFileReference; lastKnownFileType = text.plist.xml; path = Info.plist; sourceTree = "<group>"; };
		1890F1811D45DDF600B1A0F4 /* PYdiaoyongdianhuaUITests.xctest */ = {isa = PBXFileReference; explicitFileType = wrapper.cfbundle; includeInIndex = 0; path = PYdiaoyongdianhuaUITests.xctest; sourceTree = BUILT_PRODUCTS_DIR; };
		1890F1851D45DDF600B1A0F4 /* PYdiaoyongdianhuaUITests.m */ = {isa = PBXFileReference; lastKnownFileType = sourcecode.c.objc; path = PYdiaoyongdianhuaUITests.m; sourceTree = "<group>"; };
		1890F1871D45DDF600B1A0F4 /* Info.plist */ = {isa = PBXFileReference; lastKnownFileType = text.plist.xml; path = Info.plist; sourceTree = "<group>"; };
/* End PBXFileReference section */

/* Begin PBXFrameworksBuildPhase section */
		1890F15A1D45DDF600B1A0F4 /* Frameworks */ = {
			isa = PBXFrameworksBuildPhase;
			buildActionMask = 2147483647;
			files = (
			);
			runOnlyForDeploymentPostprocessing = 0;
		};
		1890F1731D45DDF600B1A0F4 /* Frameworks */ = {
			isa = PBXFrameworksBuildPhase;
			buildActionMask = 2147483647;
			files = (
			);
			runOnlyForDeploymentPostprocessing = 0;
		};
		1890F17E1D45DDF600B1A0F4 /* Frameworks */ = {
			isa = PBXFrameworksBuildPhase;
			buildActionMask = 2147483647;
			files = (
			);
			runOnlyForDeploymentPostprocessing = 0;
		};
/* End PBXFrameworksBuildPhase section */

/* Begin PBXGroup section */
		1890F1541D45DDF600B1A0F4 = {
			isa = PBXGroup;
			children = (
				1890F15F1D45DDF600B1A0F4 /* PYdiaoyongdianhua */,
				1890F1791D45DDF600B1A0F4 /* PYdiaoyongdianhuaTests */,
				1890F1841D45DDF600B1A0F4 /* PYdiaoyongdianhuaUITests */,
				1890F15E1D45DDF600B1A0F4 /* Products */,
			);
			sourceTree = "<group>";
		};
		1890F15E1D45DDF600B1A0F4 /* Products */ = {
			isa = PBXGroup;
			children = (
				1890F15D1D45DDF600B1A0F4 /* PYdiaoyongdianhua.app */,
				1890F1761D45DDF600B1A0F4 /* PYdiaoyongdianhuaTests.xctest */,
				1890F1811D45DDF600B1A0F4 /* PYdiaoyongdianhuaUITests.xctest */,
			);
			name = Products;
			sourceTree = "<group>";
		};
		1890F15F1D45DDF600B1A0F4 /* PYdiaoyongdianhua */ = {
			isa = PBXGroup;
			children = (
				1890F1631D45DDF600B1A0F4 /* AppDelegate.h */,
				1890F1641D45DDF600B1A0F4 /* AppDelegate.m */,
				1890F1661D45DDF600B1A0F4 /* ViewController.h */,
				1890F1671D45DDF600B1A0F4 /* ViewController.m */,
				1890F1691D45DDF600B1A0F4 /* Main.storyboard */,
				1890F16C1D45DDF600B1A0F4 /* Assets.xcassets */,
				1890F16E1D45DDF600B1A0F4 /* LaunchScreen.storyboard */,
				1890F1711D45DDF600B1A0F4 /* Info.plist */,
				1890F1601D45DDF600B1A0F4 /* Supporting Files */,
			);
			path = PYdiaoyongdianhua;
			sourceTree = "<group>";
		};
		1890F1601D45DDF600B1A0F4 /* Supporting Files */ = {
			isa = PBXGroup;
			children = (
				1890F1611D45DDF600B1A0F4 /* main.m */,
			);
			name = "Supporting Files";
			sourceTree = "<group>";
		};
		1890F1791D45DDF600B1A0F4 /* PYdiaoyongdianhuaTests */ = {
			isa = PBXGroup;
			children = (
				1890F17A1D45DDF600B1A0F4 /* PYdiaoyongdianhuaTests.m */,
				1890F17C1D45DDF600B1A0F4 /* Info.plist */,
			);
			path = PYdiaoyongdianhuaTests;
			sourceTree = "<group>";
		};
		1890F1841D45DDF600B1A0F4 /* PYdiaoyongdianhuaUITests */ = {
			isa = PBXGroup;
			children = (
				1890F1851D45DDF600B1A0F4 /* PYdiaoyongdianhuaUITests.m */,
				1890F1871D45DDF600B1A0F4 /* Info.plist */,
			);
			path = PYdiaoyongdianhuaUITests;
			sourceTree = "<group>";
		};
/* End PBXGroup section */

/* Begin PBXNativeTarget section */
		1890F15C1D45DDF600B1A0F4 /* PYdiaoyongdianhua */ = {
			isa = PBXNativeTarget;
			buildConfigurationList = 1890F18A1D45DDF600B1A0F4 /* Build configuration list for PBXNativeTarget "PYdiaoyongdianhua" */;
			buildPhases = (
				1890F1591D45DDF600B1A0F4 /* Sources */,
				1890F15A1D45DDF600B1A0F4 /* Frameworks */,
				1890F15B1D45DDF600B1A0F4 /* Resources */,
			);
			buildRules = (
			);
			dependencies = (
			);
			name = PYdiaoyongdianhua;
			productName = PYdiaoyongdianhua;
			productReference = 1890F15D1D45DDF600B1A0F4 /* PYdiaoyongdianhua.app */;
			productType = "com.apple.product-type.application";
		};
		1890F1751D45DDF600B1A0F4 /* PYdiaoyongdianhuaTests */ = {
			isa = PBXNativeTarget;
			buildConfigurationList = 1890F18D1D45DDF600B1A0F4 /* Build configuration list for PBXNativeTarget "PYdiaoyongdianhuaTests" */;
			buildPhases = (
				1890F1721D45DDF600B1A0F4 /* Sources */,
				1890F1731D45DDF600B1A0F4 /* Frameworks */,
				1890F1741D45DDF600B1A0F4 /* Resources */,
			);
			buildRules = (
			);
			dependencies = (
				1890F1781D45DDF600B1A0F4 /* PBXTargetDependency */,
			);
			name = PYdiaoyongdianhuaTests;
			productName = PYdiaoyongdianhuaTests;
			productReference = 1890F1761D45DDF600B1A0F4 /* PYdiaoyongdianhuaTests.xctest */;
			productType = "com.apple.product-type.bundle.unit-test";
		};
		1890F1801D45DDF600B1A0F4 /* PYdiaoyongdianhuaUITests */ = {
			isa = PBXNativeTarget;
			buildConfigurationList = 1890F1901D45DDF600B1A0F4 /* Build configuration list for PBXNativeTarget "PYdiaoyongdianhuaUITests" */;
			buildPhases = (
				1890F17D1D45DDF600B1A0F4 /* Sources */,
				1890F17E1D45DDF600B1A0F4 /* Frameworks */,
				1890F17F1D45DDF600B1A0F4 /* Resources */,
			);
			buildRules = (
			);
			dependencies = (
				1890F1831D45DDF600B1A0F4 /* PBXTargetDependency */,
			);
			name = PYdiaoyongdianhuaUITests;
			productName = PYdiaoyongdianhuaUITests;
			productReference = 1890F1811D45DDF600B1A0F4 /* PYdiaoyongdianhuaUITests.xctest */;
			productType = "com.apple.product-type.bundle.ui-testing";
		};
/* End PBXNativeTarget section */

/* Begin PBXProject section */
		1890F1551D45DDF600B1A0F4 /* Project object */ = {
			isa = PBXProject;
			attributes = {
				LastUpgradeCheck = 0730;
				ORGANIZATIONNAME = Apple;
				TargetAttributes = {
					1890F15C1D45DDF600B1A0F4 = {
						CreatedOnToolsVersion = 7.3.1;
						DevelopmentTeam = 8B4BA8E4SM;
					};
					1890F1751D45DDF600B1A0F4 = {
						CreatedOnToolsVersion = 7.3.1;
						DevelopmentTeam = 8B4BA8E4SM;
						TestTargetID = 1890F15C1D45DDF600B1A0F4;
					};
					1890F1801D45DDF600B1A0F4 = {
						CreatedOnToolsVersion = 7.3.1;
						DevelopmentTeam = 8B4BA8E4SM;
						TestTargetID = 1890F15C1D45DDF600B1A0F4;
					};
				};
			};
			buildConfigurationList = 1890F1581D45DDF600B1A0F4 /* Build configuration list for PBXProject "PYdiaoyongdianhua" */;
			compatibilityVersion = "Xcode 3.2";
			developmentRegion = English;
			hasScannedForEncodings = 0;
			knownRegions = (
				en,
				Base,
			);
			mainGroup = 1890F1541D45DDF600B1A0F4;
			productRefGroup = 1890F15E1D45DDF600B1A0F4 /* Products */;
			projectDirPath = "";
			projectRoot = "";
			targets = (
				1890F15C1D45DDF600B1A0F4 /* PYdiaoyongdianhua */,
				1890F1751D45DDF600B1A0F4 /* PYdiaoyongdianhuaTests */,
				1890F1801D45DDF600B1A0F4 /* PYdiaoyongdianhuaUITests */,
			);
		};
/* End PBXProject section */

/* Begin PBXResourcesBuildPhase section */
		1890F15B1D45DDF600B1A0F4 /* Resources */ = {
			isa = PBXResourcesBuildPhase;
			buildActionMask = 2147483647;
			files = (
				1890F1701D45DDF600B1A0F4 /* LaunchScreen.storyboard in Resources */,
				1890F16D1D45DDF600B1A0F4 /* Assets.xcassets in Resources */,
				1890F16B1D45DDF600B1A0F4 /* Main.storyboard in Resources */,
			);
			runOnlyForDeploymentPostprocessing = 0;
		};
		1890F1741D45DDF600B1A0F4 /* Resources */ = {
			isa = PBXResourcesBuildPhase;
			buildActionMask = 2147483647;
			files = (
			);
			runOnlyForDeploymentPostprocessing = 0;
		};
		1890F17F1D45DDF600B1A0F4 /* Resources */ = {
			isa = PBXResourcesBuildPhase;
			buildActionMask = 2147483647;
			files = (
			);
			runOnlyForDeploymentPostprocessing = 0;
		};
/* End PBXResourcesBuildPhase section */

/* Begin PBXSourcesBuildPhase section */
		1890F1591D45DDF600B1A0F4 /* Sources */ = {
			isa = PBXSourcesBuildPhase;
			buildActionMask = 2147483647;
			files = (
				1890F1681D45DDF600B1A0F4 /* ViewController.m in Sources */,
				1890F1651D45DDF600B1A0F4 /* AppDelegate.m in Sources */,
				1890F1621D45DDF600B1A0F4 /* main.m in Sources */,
			);
			runOnlyForDeploymentPostprocessing = 0;
		};
		1890F1721D45DDF600B1A0F4 /* Sources */ = {
			isa = PBXSourcesBuildPhase;
			buildActionMask = 2147483647;
			files = (
				1890F17B1D45DDF600B1A0F4 /* PYdiaoyongdianhuaTests.m in Sources */,
			);
			runOnlyForDeploymentPostprocessing = 0;
		};
		1890F17D1D45DDF600B1A0F4 /* Sources */ = {
			isa = PBXSourcesBuildPhase;
			buildActionMask = 2147483647;
			files = (
				1890F1861D45DDF600B1A0F4 /* PYdiaoyongdianhuaUITests.m in Sources */,
			);
			runOnlyForDeploymentPostprocessing = 0;
		};
/* End PBXSourcesBuildPhase section */

/* Begin PBXTargetDependency section */
		1890F1781D45DDF600B1A0F4 /* PBXTargetDependency */ = {
			isa = PBXTargetDependency;
			target = 1890F15C1D45DDF600B1A0F4 /* PYdiaoyongdianhua */;
			targetProxy = 1890F1771D45DDF600B1A0F4 /* PBXContainerItemProxy */;
		};
		1890F1831D45DDF600B1A0F4 /* PBXTargetDependency */ = {
			isa = PBXTargetDependency;
			target = 1890F15C1D45DDF600B1A0F4 /* PYdiaoyongdianhua */;
			targetProxy = 1890F1821D45DDF600B1A0F4 /* PBXContainerItemProxy */;
		};
/* End PBXTargetDependency section */

/* Begin PBXVariantGroup section */
		1890F1691D45DDF600B1A0F4 /* Main.storyboard */ = {
			isa = PBXVariantGroup;
			children = (
				1890F16A1D45DDF600B1A0F4 /* Base */,
			);
			name = Main.storyboard;
			sourceTree = "<group>";
		};
		1890F16E1D45DDF600B1A0F4 /* LaunchScreen.storyboard */ = {
			isa = PBXVariantGroup;
			children = (
				1890F16F1D45DDF600B1A0F4 /* Base */,
			);
			name = LaunchScreen.storyboard;
			sourceTree = "<group>";
		};
/* End PBXVariantGroup section */

/* Begin XCBuildConfiguration section */
		1890F1881D45DDF600B1A0F4 /* Debug */ = {
			isa = XCBuildConfiguration;
			buildSettings = {
				ALWAYS_SEARCH_USER_PATHS = NO;
				CLANG_ANALYZER_NONNULL = YES;
				CLANG_CXX_LANGUAGE_STANDARD = "gnu++0x";
				CLANG_CXX_LIBRARY = "libc++";
				CLANG_ENABLE_MODULES = YES;
				CLANG_ENABLE_OBJC_ARC = YES;
				CLANG_WARN_BOOL_CONVERSION = YES;
				CLANG_WARN_CONSTANT_CONVERSION = YES;
				CLANG_WARN_DIRECT_OBJC_ISA_USAGE = YES_ERROR;
				CLANG_WARN_EMPTY_BODY = YES;
				CLANG_WARN_ENUM_CONVERSION = YES;
				CLANG_WARN_INT_CONVERSION = YES;
				CLANG_WARN_OBJC_ROOT_CLASS = YES_ERROR;
				CLANG_WARN_UNREACHABLE_CODE = YES;
				CLANG_WARN__DUPLICATE_METHOD_MATCH = YES;
				"CODE_SIGN_IDENTITY[sdk=iphoneos*]" = "iPhone Developer";
				COPY_PHASE_STRIP = NO;
				DEBUG_INFORMATION_FORMAT = dwarf;
				ENABLE_STRICT_OBJC_MSGSEND = YES;
				ENABLE_TESTABILITY = YES;
				GCC_C_LANGUAGE_STANDARD = gnu99;
				GCC_DYNAMIC_NO_PIC = NO;
				GCC_NO_COMMON_BLOCKS = YES;
				GCC_OPTIMIZATION_LEVEL = 0;
				GCC_PREPROCESSOR_DEFINITIONS = (
					"DEBUG=1",
					"$(inherited)",
				);
				GCC_WARN_64_TO_32_BIT_CONVERSION = YES;
				GCC_WARN_ABOUT_RETURN_TYPE = YES_ERROR;
				GCC_WARN_UNDECLARED_SELECTOR = YES;
				GCC_WARN_UNINITIALIZED_AUTOS = YES_AGGRESSIVE;
				GCC_WARN_UNUSED_FUNCTION = YES;
				GCC_WARN_UNUSED_VARIABLE = YES;
				IPHONEOS_DEPLOYMENT_TARGET = 9.3;
				MTL_ENABLE_DEBUG_INFO = YES;
				ONLY_ACTIVE_ARCH = YES;
				SDKROOT = iphoneos;
				TARGETED_DEVICE_FAMILY = "1,2";
			};
			name = Debug;
		};
		1890F1891D45DDF600B1A0F4 /* Release */ = {
			isa = XCBuildConfiguration;
			buildSettings = {
				ALWAYS_SEARCH_USER_PATHS = NO;
				CLANG_ANALYZER_NONNULL = YES;
				CLANG_CXX_LANGUAGE_STANDARD = "gnu++0x";
				CLANG_CXX_LIBRARY = "libc++";
				CLANG_ENABLE_MODULES = YES;
				CLANG_ENABLE_OBJC_ARC = YES;
				CLANG_WARN_BOOL_CONVERSION = YES;
				CLANG_WARN_CONSTANT_CONVERSION = YES;
				CLANG_WARN_DIRECT_OBJC_ISA_USAGE = YES_ERROR;
				CLANG_WARN_EMPTY_BODY = YES;
				CLANG_WARN_ENUM_CONVERSION = YES;
				CLANG_WARN_INT_CONVERSION = YES;
				CLANG_WARN_OBJC_ROOT_CLASS = YES_ERROR;
				CLANG_WARN_UNREACHABLE_CODE = YES;
				CLANG_WARN__DUPLICATE_METHOD_MATCH = YES;
				"CODE_SIGN_IDENTITY[sdk=iphoneos*]" = "iPhone Developer";
				COPY_PHASE_STRIP = NO;
				DEBUG_INFORMATION_FORMAT = "dwarf-with-dsym";
				ENABLE_NS_ASSERTIONS = NO;
				ENABLE_STRICT_OBJC_MSGSEND = YES;
				GCC_C_LANGUAGE_STANDARD = gnu99;
				GCC_NO_COMMON_BLOCKS = YES;
				GCC_WARN_64_TO_32_BIT_CONVERSION = YES;
				GCC_WARN_ABOUT_RETURN_TYPE = YES_ERROR;
				GCC_WARN_UNDECLARED_SELECTOR = YES;
				GCC_WARN_UNINITIALIZED_AUTOS = YES_AGGRESSIVE;
				GCC_WARN_UNUSED_FUNCTION = YES;
				GCC_WARN_UNUSED_VARIABLE = YES;
				IPHONEOS_DEPLOYMENT_TARGET = 9.3;
				MTL_ENABLE_DEBUG_INFO = NO;
				SDKROOT = iphoneos;
				TARGETED_DEVICE_FAMILY = "1,2";
				VALIDATE_PRODUCT = YES;
			};
			name = Release;
		};
		1890F18B1D45DDF600B1A0F4 /* Debug */ = {
			isa = XCBuildConfiguration;
			buildSettings = {
				ASSETCATALOG_COMPILER_APPICON_NAME = AppIcon;
				INFOPLIST_FILE = PYdiaoyongdianhua/Info.plist;
				LD_RUNPATH_SEARCH_PATHS = "$(inherited) @executable_path/Frameworks";
				PRODUCT_BUNDLE_IDENTIFIER = "-.PYdiaoyongdianhua";
				PRODUCT_NAME = "$(TARGET_NAME)";
			};
			name = Debug;
		};
		1890F18C1D45DDF600B1A0F4 /* Release */ = {
			isa = XCBuildConfiguration;
			buildSettings = {
				ASSETCATALOG_COMPILER_APPICON_NAME = AppIcon;
				INFOPLIST_FILE = PYdiaoyongdianhua/Info.plist;
				LD_RUNPATH_SEARCH_PATHS = "$(inherited) @executable_path/Frameworks";
				PRODUCT_BUNDLE_IDENTIFIER = "-.PYdiaoyongdianhua";
				PRODUCT_NAME = "$(TARGET_NAME)";
			};
			name = Release;
		};
		1890F18E1D45DDF600B1A0F4 /* Debug */ = {
			isa = XCBuildConfiguration;
			buildSettings = {
				BUNDLE_LOADER = "$(TEST_HOST)";
				INFOPLIST_FILE = PYdiaoyongdianhuaTests/Info.plist;
				LD_RUNPATH_SEARCH_PATHS = "$(inherited) @executable_path/Frameworks @loader_path/Frameworks";
				PRODUCT_BUNDLE_IDENTIFIER = "-.PYdiaoyongdianhuaTests";
				PRODUCT_NAME = "$(TARGET_NAME)";
				TEST_HOST = "$(BUILT_PRODUCTS_DIR)/PYdiaoyongdianhua.app/PYdiaoyongdianhua";
			};
			name = Debug;
		};
		1890F18F1D45DDF600B1A0F4 /* Release */ = {
			isa = XCBuildConfiguration;
			buildSettings = {
				BUNDLE_LOADER = "$(TEST_HOST)";
				INFOPLIST_FILE = PYdiaoyongdianhuaTests/Info.plist;
				LD_RUNPATH_SEARCH_PATHS = "$(inherited) @executable_path/Frameworks @loader_path/Frameworks";
				PRODUCT_BUNDLE_IDENTIFIER = "-.PYdiaoyongdianhuaTests";
				PRODUCT_NAME = "$(TARGET_NAME)";
				TEST_HOST = "$(BUILT_PRODUCTS_DIR)/PYdiaoyongdianhua.app/PYdiaoyongdianhua";
			};
			name = Release;
		};
		1890F1911D45DDF600B1A0F4 /* Debug */ = {
			isa = XCBuildConfiguration;
			buildSettings = {
				INFOPLIST_FILE = PYdiaoyongdianhuaUITests/Info.plist;
				LD_RUNPATH_SEARCH_PATHS = "$(inherited) @executable_path/Frameworks @loader_path/Frameworks";
				PRODUCT_BUNDLE_IDENTIFIER = "-.PYdiaoyongdianhuaUITests";
				PRODUCT_NAME = "$(TARGET_NAME)";
				TEST_TARGET_NAME = PYdiaoyongdianhua;
			};
			name = Debug;
		};
		1890F1921D45DDF600B1A0F4 /* Release */ = {
			isa = XCBuildConfiguration;
			buildSettings = {
				INFOPLIST_FILE = PYdiaoyongdianhuaUITests/Info.plist;
				LD_RUNPATH_SEARCH_PATHS = "$(inherited) @executable_path/Frameworks @loader_path/Frameworks";
				PRODUCT_BUNDLE_IDENTIFIER = "-.PYdiaoyongdianhuaUITests";
				PRODUCT_NAME = "$(TARGET_NAME)";
				TEST_TARGET_NAME = PYdiaoyongdianhua;
			};
			name = Release;
		};
/* End XCBuildConfiguration section */

/* Begin XCConfigurationList section */
		1890F1581D45DDF600B1A0F4 /* Build configuration list for PBXProject "PYdiaoyongdianhua" */ = {
			isa = XCConfigurationList;
			buildConfigurations = (
				1890F1881D45DDF600B1A0F4 /* Debug */,
				1890F1891D45DDF600B1A0F4 /* Release */,
			);
			defaultConfigurationIsVisible = 0;
			defaultConfigurationName = Release;
		};
		1890F18A1D45DDF600B1A0F4 /* Build configuration list for PBXNativeTarget "PYdiaoyongdianhua" */ = {
			isa = XCConfigurationList;
			buildConfigurations = (
				1890F18B1D45DDF600B1A0F4 /* Debug */,
				1890F18C1D45DDF600B1A0F4 /* Release */,
			);
			defaultConfigurationIsVisible = 0;
		};
		1890F18D1D45DDF600B1A0F4 /* Build configuration list for PBXNativeTarget "PYdiaoyongdianhuaTests" */ = {
			isa = XCConfigurationList;
			buildConfigurations = (
				1890F18E1D45DDF600B1A0F4 /* Debug */,
				1890F18F1D45DDF600B1A0F4 /* Release */,
			);
			defaultConfigurationIsVisible = 0;
		};
		1890F1901D45DDF600B1A0F4 /* Build configuration list for PBXNativeTarget "PYdiaoyongdianhuaUITests" */ = {
			isa = XCConfigurationList;
			buildConfigurations = (
				1890F1911D45DDF600B1A0F4 /* Debug */,
				1890F1921D45DDF600B1A0F4 /* Release */,
			);
			defaultConfigurationIsVisible = 0;
		};
/* End XCConfigurationList section */
	};
	rootObject = 1890F1551D45DDF600B1A0F4 /* Project object */;
}
